
Microsoft Visual Studio Solution File, Format Version 12.00
# Visual Studio Version 17
VisualStudioVersion = 17.8.34330.188
MinimumVisualStudioVersion = 10.0.40219.1
Project("{FAE04EC0-301F-11D3-BF4B-00C04F79EFBC}") = "gameSolidOtus", "gameSolidOtus\gameSolidOtus.csproj", "{FAB49334-81E9-4386-9DC5-88E75A8D3358}"
EndProject
Project("{FAE04EC0-301F-11D3-BF4B-00C04F79EFBC}") = "GameLibrary", "GameLibrary\GameLibrary.csproj", "{19676296-2529-41C5-97B6-38401F8A5B89}"
EndProject
Global
	GlobalSection(SolutionConfigurationPlatforms) = preSolution
		Debug|Any CPU = Debug|Any CPU
		Release|Any CPU = Release|Any CPU
	EndGlobalSection
	GlobalSection(ProjectConfigurationPlatforms) = postSolution
		{FAB49334-81E9-4386-9DC5-88E75A8D3358}.Debug|Any CPU.ActiveCfg = Debug|Any CPU
		{FAB49334-81E9-4386-9DC5-88E75A8D3358}.Debug|Any CPU.Build.0 = Debug|Any CPU
		{FAB49334-81E9-4386-9DC5-88E75A8D3358}.Release|Any CPU.ActiveCfg = Release|Any CPU
		{FAB49334-81E9-4386-9DC5-88E75A8D3358}.Release|Any CPU.Build.0 = Release|Any CPU
		{19676296-2529-41C5-97B6-38401F8A5B89}.Debug|Any CPU.ActiveCfg = Debug|Any CPU
		{19676296-2529-41C5-97B6-38401F8A5B89}.Debug|Any CPU.Build.0 = Debug|Any CPU
		{19676296-2529-41C5-97B6-38401F8A5B89}.Release|Any CPU.ActiveCfg = Release|Any CPU
		{19676296-2529-41C5-97B6-38401F8A5B89}.Release|Any CPU.Build.0 = Release|Any CPU
	EndGlobalSection
	GlobalSection(SolutionProperties) = preSolution
		HideSolutionNode = FALSE
	EndGlobalSection
	GlobalSection(ExtensibilityGlobals) = postSolution
		SolutionGuid = {91AA043E-449F-47AA-809D-713E7BA06406}
	EndGlobalSection
EndGlobal
